
Microsoft Visual Studio Solution File, Format Version 12.00
# Visual Studio Version 17
VisualStudioVersion = 17.2.32526.322
MinimumVisualStudioVersion = 10.0.40219.1
Project("{FAE04EC0-301F-11D3-BF4B-00C04F79EFBC}") = "CommandDesignPattern", "CommandDesignPattern.csproj", "{91E18D81-0C42-4EB7-9945-1A956C076656}"
EndProject
Global
	GlobalSection(SolutionConfigurationPlatforms) = preSolution
		Debug|Any CPU = Debug|Any CPU
		Release|Any CPU = Release|Any CPU
	EndGlobalSection
	GlobalSection(ProjectConfigurationPlatforms) = postSolution
		{91E18D81-0C42-4EB7-9945-1A956C076656}.Debug|Any CPU.ActiveCfg = Debug|Any CPU
		{91E18D81-0C42-4EB7-9945-1A956C076656}.Debug|Any CPU.Build.0 = Debug|Any CPU
		{91E18D81-0C42-4EB7-9945-1A956C076656}.Release|Any CPU.ActiveCfg = Release|Any CPU
		{91E18D81-0C42-4EB7-9945-1A956C076656}.Release|Any CPU.Build.0 = Release|Any CPU
	EndGlobalSection
	GlobalSection(SolutionProperties) = preSolution
		HideSolutionNode = FALSE
	EndGlobalSection
	GlobalSection(ExtensibilityGlobals) = postSolution
		SolutionGuid = {46EE5A59-4412-4B78-96DD-55BF4595E722}
	EndGlobalSection
EndGlobal
